
Microsoft Visual Studio Solution File, Format Version 12.00
# Visual Studio Version 17
VisualStudioVersion = 17.8.34525.116
MinimumVisualStudioVersion = 10.0.40219.1
Project("{FAE04EC0-301F-11D3-BF4B-00C04F79EFBC}") = "RVFaceRecognitionAPI", "RVFaceRecognitionAPI\RVFaceRecognitionAPI.csproj", "{36F5C6D7-34EC-4E64-AE85-AD1056A72794}"
EndProject
Global
	GlobalSection(SolutionConfigurationPlatforms) = preSolution
		Debug|Any CPU = Debug|Any CPU
		Release|Any CPU = Release|Any CPU
	EndGlobalSection
	GlobalSection(ProjectConfigurationPlatforms) = postSolution
		{36F5C6D7-34EC-4E64-AE85-AD1056A72794}.Debug|Any CPU.ActiveCfg = Debug|Any CPU
		{36F5C6D7-34EC-4E64-AE85-AD1056A72794}.Debug|Any CPU.Build.0 = Debug|Any CPU
		{36F5C6D7-34EC-4E64-AE85-AD1056A72794}.Release|Any CPU.ActiveCfg = Release|Any CPU
		{36F5C6D7-34EC-4E64-AE85-AD1056A72794}.Release|Any CPU.Build.0 = Release|Any CPU
	EndGlobalSection
	GlobalSection(SolutionProperties) = preSolution
		HideSolutionNode = FALSE
	EndGlobalSection
	GlobalSection(ExtensibilityGlobals) = postSolution
		SolutionGuid = {67D3607D-4C9F-4F63-847D-4B8D02AA8176}
	EndGlobalSection
EndGlobal
